
Microsoft Visual Studio Solution File, Format Version 12.00
# Visual Studio Version 17
VisualStudioVersion = 17.0.31903.59
MinimumVisualStudioVersion = 10.0.40219.1
Project("{FAE04EC0-301F-11D3-BF4B-00C04F79EFBC}") = "DICOMReceiver", "DICOMReceiver\DICOMReceiver.csproj", "{49FE2791-753E-454B-8D05-6B039E7B79FD}"
EndProject
Global
	GlobalSection(SolutionConfigurationPlatforms) = preSolution
		Debug|Any CPU = Debug|Any CPU
		Release|Any CPU = Release|Any CPU
	EndGlobalSection
	GlobalSection(ProjectConfigurationPlatforms) = postSolution
		{49FE2791-753E-454B-8D05-6B039E7B79FD}.Debug|Any CPU.ActiveCfg = Debug|Any CPU
		{49FE2791-753E-454B-8D05-6B039E7B79FD}.Debug|Any CPU.Build.0 = Debug|Any CPU
		{49FE2791-753E-454B-8D05-6B039E7B79FD}.Release|Any CPU.ActiveCfg = Release|Any CPU
		{49FE2791-753E-454B-8D05-6B039E7B79FD}.Release|Any CPU.Build.0 = Release|Any CPU
	EndGlobalSection
	GlobalSection(SolutionProperties) = preSolution
		HideSolutionNode = FALSE
	EndGlobalSection
EndGlobal
